// !$*UTF8*$!
{
	archiveVersion = 1;
	classes = {
	};
	objectVersion = 50;
	objects = {

/* Begin PBXBuildFile section */
		E196FAB326355294008A1D60 /* AppDelegate.m in Sources */ = {isa = PBXBuildFile; fileRef = E196FAB226355294008A1D60 /* AppDelegate.m */; };
		E196FAB526355294008A1D60 /* Assets.xcassets in Resources */ = {isa = PBXBuildFile; fileRef = E196FAB426355294008A1D60 /* Assets.xcassets */; };
		E196FAB826355294008A1D60 /* MainMenu.xib in Resources */ = {isa = PBXBuildFile; fileRef = E196FAB626355294008A1D60 /* MainMenu.xib */; };
		E196FABB26355294008A1D60 /* main.m in Sources */ = {isa = PBXBuildFile; fileRef = E196FABA26355294008A1D60 /* main.m */; };
		E196FAC526355357008A1D60 /* MyDataSource.m in Sources */ = {isa = PBXBuildFile; fileRef = E196FAC426355357008A1D60 /* MyDataSource.m */; };
		E196FAC9263553E6008A1D60 /* FoodItem.m in Sources */ = {isa = PBXBuildFile; fileRef = E196FAC8263553E6008A1D60 /* FoodItem.m */; };
/* End PBXBuildFile section */

/* Begin PBXFileReference section */
		E196FAAE26355293008A1D60 /* TableDataModel.app */ = {isa = PBXFileReference; explicitFileType = wrapper.application; includeInIndex = 0; path = TableDataModel.app; sourceTree = BUILT_PRODUCTS_DIR; };
		E196FAB126355294008A1D60 /* AppDelegate.h */ = {isa = PBXFileReference; lastKnownFileType = sourcecode.c.h; path = AppDelegate.h; sourceTree = "<group>"; };
		E196FAB226355294008A1D60 /* AppDelegate.m */ = {isa = PBXFileReference; lastKnownFileType = sourcecode.c.objc; path = AppDelegate.m; sourceTree = "<group>"; };
		E196FAB426355294008A1D60 /* Assets.xcassets */ = {isa = PBXFileReference; lastKnownFileType = folder.assetcatalog; path = Assets.xcassets; sourceTree = "<group>"; };
		E196FAB726355294008A1D60 /* Base */ = {isa = PBXFileReference; lastKnownFileType = file.xib; name = Base; path = Base.lproj/MainMenu.xib; sourceTree = "<group>"; };
		E196FAB926355294008A1D60 /* Info.plist */ = {isa = PBXFileReference; lastKnownFileType = text.plist.xml; path = Info.plist; sourceTree = "<group>"; };
		E196FABA26355294008A1D60 /* main.m */ = {isa = PBXFileReference; lastKnownFileType = sourcecode.c.objc; path = main.m; sourceTree = "<group>"; };
		E196FABC26355294008A1D60 /* TableDataModel.entitlements */ = {isa = PBXFileReference; lastKnownFileType = text.plist.entitlements; path = TableDataModel.entitlements; sourceTree = "<group>"; };
		E196FAC326355357008A1D60 /* MyDataSource.h */ = {isa = PBXFileReference; lastKnownFileType = sourcecode.c.h; path = MyDataSource.h; sourceTree = "<group>"; };
		E196FAC426355357008A1D60 /* MyDataSource.m */ = {isa = PBXFileReference; lastKnownFileType = sourcecode.c.objc; path = MyDataSource.m; sourceTree = "<group>"; };
		E196FAC7263553E6008A1D60 /* FoodItem.h */ = {isa = PBXFileReference; fileEncoding = 4; lastKnownFileType = sourcecode.c.h; path = FoodItem.h; sourceTree = "<group>"; };
		E196FAC8263553E6008A1D60 /* FoodItem.m */ = {isa = PBXFileReference; fileEncoding = 4; lastKnownFileType = sourcecode.c.objc; path = FoodItem.m; sourceTree = "<group>"; };
/* End PBXFileReference section */

/* Begin PBXFrameworksBuildPhase section */
		E196FAAB26355293008A1D60 /* Frameworks */ = {
			isa = PBXFrameworksBuildPhase;
			buildActionMask = 2147483647;
			files = (
			);
			runOnlyForDeploymentPostprocessing = 0;
		};
/* End PBXFrameworksBuildPhase section */

/* Begin PBXGroup section */
		E196FAA526355293008A1D60 = {
			isa = PBXGroup;
			children = (
				E196FAB026355294008A1D60 /* TableDataModel */,
				E196FAAF26355293008A1D60 /* Products */,
			);
			sourceTree = "<group>";
		};
		E196FAAF26355293008A1D60 /* Products */ = {
			isa = PBXGroup;
			children = (
				E196FAAE26355293008A1D60 /* TableDataModel.app */,
			);
			name = Products;
			sourceTree = "<group>";
		};
		E196FAB026355294008A1D60 /* TableDataModel */ = {
			isa = PBXGroup;
			children = (
				E196FACB26355871008A1D60 /* Model */,
				E196FAB126355294008A1D60 /* AppDelegate.h */,
				E196FAB226355294008A1D60 /* AppDelegate.m */,
				E196FAB426355294008A1D60 /* Assets.xcassets */,
				E196FAB626355294008A1D60 /* MainMenu.xib */,
				E196FAB926355294008A1D60 /* Info.plist */,
				E196FABA26355294008A1D60 /* main.m */,
				E196FABC26355294008A1D60 /* TableDataModel.entitlements */,
			);
			path = TableDataModel;
			sourceTree = "<group>";
		};
		E196FACB26355871008A1D60 /* Model */ = {
			isa = PBXGroup;
			children = (
				E196FAC326355357008A1D60 /* MyDataSource.h */,
				E196FAC426355357008A1D60 /* MyDataSource.m */,
				E196FAC7263553E6008A1D60 /* FoodItem.h */,
				E196FAC8263553E6008A1D60 /* FoodItem.m */,
			);
			path = Model;
			sourceTree = "<group>";
		};
/* End PBXGroup section */

/* Begin PBXNativeTarget section */
		E196FAAD26355293008A1D60 /* TableDataModel */ = {
			isa = PBXNativeTarget;
			buildConfigurationList = E196FABF26355294008A1D60 /* Build configuration list for PBXNativeTarget "TableDataModel" */;
			buildPhases = (
				E196FAAA26355293008A1D60 /* Sources */,
				E196FAAB26355293008A1D60 /* Frameworks */,
				E196FAAC26355293008A1D60 /* Resources */,
			);
			buildRules = (
			);
			dependencies = (
			);
			name = TableDataModel;
			productName = TableDataModel;
			productReference = E196FAAE26355293008A1D60 /* TableDataModel.app */;
			productType = "com.apple.product-type.application";
		};
/* End PBXNativeTarget section */

/* Begin PBXProject section */
		E196FAA626355293008A1D60 /* Project object */ = {
			isa = PBXProject;
			attributes = {
				LastUpgradeCheck = 1240;
				TargetAttributes = {
					E196FAAD26355293008A1D60 = {
						CreatedOnToolsVersion = 12.4;
					};
				};
			};
			buildConfigurationList = E196FAA926355293008A1D60 /* Build configuration list for PBXProject "TableDataModel" */;
			compatibilityVersion = "Xcode 9.3";
			developmentRegion = en;
			hasScannedForEncodings = 0;
			knownRegions = (
				en,
				Base,
			);
			mainGroup = E196FAA526355293008A1D60;
			productRefGroup = E196FAAF26355293008A1D60 /* Products */;
			projectDirPath = "";
			projectRoot = "";
			targets = (
				E196FAAD26355293008A1D60 /* TableDataModel */,
			);
		};
/* End PBXProject section */

/* Begin PBXResourcesBuildPhase section */
		E196FAAC26355293008A1D60 /* Resources */ = {
			isa = PBXResourcesBuildPhase;
			buildActionMask = 2147483647;
			files = (
				E196FAB526355294008A1D60 /* Assets.xcassets in Resources */,
				E196FAB826355294008A1D60 /* MainMenu.xib in Resources */,
			);
			runOnlyForDeploymentPostprocessing = 0;
		};
/* End PBXResourcesBuildPhase section */

/* Begin PBXSourcesBuildPhase section */
		E196FAAA26355293008A1D60 /* Sources */ = {
			isa = PBXSourcesBuildPhase;
			buildActionMask = 2147483647;
			files = (
				E196FAC9263553E6008A1D60 /* FoodItem.m in Sources */,
				E196FABB26355294008A1D60 /* main.m in Sources */,
				E196FAB326355294008A1D60 /* AppDelegate.m in Sources */,
				E196FAC526355357008A1D60 /* MyDataSource.m in Sources */,
			);
			runOnlyForDeploymentPostprocessing = 0;
		};
/* End PBXSourcesBuildPhase section */

/* Begin PBXVariantGroup section */
		E196FAB626355294008A1D60 /* MainMenu.xib */ = {
			isa = PBXVariantGroup;
			children = (
				E196FAB726355294008A1D60 /* Base */,
			);
			name = MainMenu.xib;
			sourceTree = "<group>";
		};
/* End PBXVariantGroup section */

/* Begin XCBuildConfiguration section */
		E196FABD26355294008A1D60 /* Debug */ = {
			isa = XCBuildConfiguration;
			buildSettings = {
				ALWAYS_SEARCH_USER_PATHS = NO;
				CLANG_ANALYZER_NONNULL = YES;
				CLANG_ANALYZER_NUMBER_OBJECT_CONVERSION = YES_AGGRESSIVE;
				CLANG_CXX_LANGUAGE_STANDARD = "gnu++14";
				CLANG_CXX_LIBRARY = "libc++";
				CLANG_ENABLE_MODULES = YES;
				CLANG_ENABLE_OBJC_ARC = YES;
				CLANG_ENABLE_OBJC_WEAK = YES;
				CLANG_WARN_BLOCK_CAPTURE_AUTORELEASING = YES;
				CLANG_WARN_BOOL_CONVERSION = YES;
				CLANG_WARN_COMMA = YES;
				CLANG_WARN_CONSTANT_CONVERSION = YES;
				CLANG_WARN_DEPRECATED_OBJC_IMPLEMENTATIONS = YES;
				CLANG_WARN_DIRECT_OBJC_ISA_USAGE = YES_ERROR;
				CLANG_WARN_DOCUMENTATION_COMMENTS = YES;
				CLANG_WARN_EMPTY_BODY = YES;
				CLANG_WARN_ENUM_CONVERSION = YES;
				CLANG_WARN_INFINITE_RECURSION = YES;
				CLANG_WARN_INT_CONVERSION = YES;
				CLANG_WARN_NON_LITERAL_NULL_CONVERSION = YES;
				CLANG_WARN_OBJC_IMPLICIT_RETAIN_SELF = YES;
				CLANG_WARN_OBJC_LITERAL_CONVERSION = YES;
				CLANG_WARN_OBJC_ROOT_CLASS = YES_ERROR;
				CLANG_WARN_QUOTED_INCLUDE_IN_FRAMEWORK_HEADER = YES;
				CLANG_WARN_RANGE_LOOP_ANALYSIS = YES;
				CLANG_WARN_STRICT_PROTOTYPES = YES;
				CLANG_WARN_SUSPICIOUS_MOVE = YES;
				CLANG_WARN_UNGUARDED_AVAILABILITY = YES_AGGRESSIVE;
				CLANG_WARN_UNREACHABLE_CODE = YES;
				CLANG_WARN__DUPLICATE_METHOD_MATCH = YES;
				COPY_PHASE_STRIP = NO;
				DEBUG_INFORMATION_FORMAT = dwarf;
				ENABLE_STRICT_OBJC_MSGSEND = YES;
				ENABLE_TESTABILITY = YES;
				GCC_C_LANGUAGE_STANDARD = gnu11;
				GCC_DYNAMIC_NO_PIC = NO;
				GCC_NO_COMMON_BLOCKS = YES;
				GCC_OPTIMIZATION_LEVEL = 0;
				GCC_PREPROCESSOR_DEFINITIONS = (
					"DEBUG=1",
					"$(inherited)",
				);
				GCC_WARN_64_TO_32_BIT_CONVERSION = YES;
				GCC_WARN_ABOUT_RETURN_TYPE = YES_ERROR;
				GCC_WARN_UNDECLARED_SELECTOR = YES;
				GCC_WARN_UNINITIALIZED_AUTOS = YES_AGGRESSIVE;
				GCC_WARN_UNUSED_FUNCTION = YES;
				GCC_WARN_UNUSED_VARIABLE = YES;
				MACOSX_DEPLOYMENT_TARGET = 10.15;
				MTL_ENABLE_DEBUG_INFO = INCLUDE_SOURCE;
				MTL_FAST_MATH = YES;
				ONLY_ACTIVE_ARCH = YES;
				SDKROOT = macosx;
			};
			name = Debug;
		};
		E196FABE26355294008A1D60 /* Release */ = {
			isa = XCBuildConfiguration;
			buildSettings = {
				ALWAYS_SEARCH_USER_PATHS = NO;
				CLANG_ANALYZER_NONNULL = YES;
				CLANG_ANALYZER_NUMBER_OBJECT_CONVERSION = YES_AGGRESSIVE;
				CLANG_CXX_LANGUAGE_STANDARD = "gnu++14";
				CLANG_CXX_LIBRARY = "libc++";
				CLANG_ENABLE_MODULES = YES;
				CLANG_ENABLE_OBJC_ARC = YES;
				CLANG_ENABLE_OBJC_WEAK = YES;
				CLANG_WARN_BLOCK_CAPTURE_AUTORELEASING = YES;
				CLANG_WARN_BOOL_CONVERSION = YES;
				CLANG_WARN_COMMA = YES;
				CLANG_WARN_CONSTANT_CONVERSION = YES;
				CLANG_WARN_DEPRECATED_OBJC_IMPLEMENTATIONS = YES;
				CLANG_WARN_DIRECT_OBJC_ISA_USAGE = YES_ERROR;
				CLANG_WARN_DOCUMENTATION_COMMENTS = YES;
				CLANG_WARN_EMPTY_BODY = YES;
				CLANG_WARN_ENUM_CONVERSION = YES;
				CLANG_WARN_INFINITE_RECURSION = YES;
				CLANG_WARN_INT_CONVERSION = YES;
				CLANG_WARN_NON_LITERAL_NULL_CONVERSION = YES;
				CLANG_WARN_OBJC_IMPLICIT_RETAIN_SELF = YES;
				CLANG_WARN_OBJC_LITERAL_CONVERSION = YES;
				CLANG_WARN_OBJC_ROOT_CLASS = YES_ERROR;
				CLANG_WARN_QUOTED_INCLUDE_IN_FRAMEWORK_HEADER = YES;
				CLANG_WARN_RANGE_LOOP_ANALYSIS = YES;
				CLANG_WARN_STRICT_PROTOTYPES = YES;
				CLANG_WARN_SUSPICIOUS_MOVE = YES;
				CLANG_WARN_UNGUARDED_AVAILABILITY = YES_AGGRESSIVE;
				CLANG_WARN_UNREACHABLE_CODE = YES;
				CLANG_WARN__DUPLICATE_METHOD_MATCH = YES;
				COPY_PHASE_STRIP = NO;
				DEBUG_INFORMATION_FORMAT = "dwarf-with-dsym";
				ENABLE_NS_ASSERTIONS = NO;
				ENABLE_STRICT_OBJC_MSGSEND = YES;
				GCC_C_LANGUAGE_STANDARD = gnu11;
				GCC_NO_COMMON_BLOCKS = YES;
				GCC_WARN_64_TO_32_BIT_CONVERSION = YES;
				GCC_WARN_ABOUT_RETURN_TYPE = YES_ERROR;
				GCC_WARN_UNDECLARED_SELECTOR = YES;
				GCC_WARN_UNINITIALIZED_AUTOS = YES_AGGRESSIVE;
				GCC_WARN_UNUSED_FUNCTION = YES;
				GCC_WARN_UNUSED_VARIABLE = YES;
				MACOSX_DEPLOYMENT_TARGET = 10.15;
				MTL_ENABLE_DEBUG_INFO = NO;
				MTL_FAST_MATH = YES;
				SDKROOT = macosx;
			};
			name = Release;
		};
		E196FAC026355294008A1D60 /* Debug */ = {
			isa = XCBuildConfiguration;
			buildSettings = {
				ASSETCATALOG_COMPILER_APPICON_NAME = AppIcon;
				ASSETCATALOG_COMPILER_GLOBAL_ACCENT_COLOR_NAME = AccentColor;
				CODE_SIGN_ENTITLEMENTS = TableDataModel/TableDataModel.entitlements;
				CODE_SIGN_STYLE = Automatic;
				COMBINE_HIDPI_IMAGES = YES;
				INFOPLIST_FILE = TableDataModel/Info.plist;
				LD_RUNPATH_SEARCH_PATHS = (
					"$(inherited)",
					"@executable_path/../Frameworks",
				);
				PRODUCT_BUNDLE_IDENTIFIER = com.demo.TableDataModel;
				PRODUCT_NAME = "$(TARGET_NAME)";
			};
			name = Debug;
		};
		E196FAC126355294008A1D60 /* Release */ = {
			isa = XCBuildConfiguration;
			buildSettings = {
				ASSETCATALOG_COMPILER_APPICON_NAME = AppIcon;
				ASSETCATALOG_COMPILER_GLOBAL_ACCENT_COLOR_NAME = AccentColor;
				CODE_SIGN_ENTITLEMENTS = TableDataModel/TableDataModel.entitlements;
				CODE_SIGN_STYLE = Automatic;
				COMBINE_HIDPI_IMAGES = YES;
				INFOPLIST_FILE = TableDataModel/Info.plist;
				LD_RUNPATH_SEARCH_PATHS = (
					"$(inherited)",
					"@executable_path/../Frameworks",
				);
				PRODUCT_BUNDLE_IDENTIFIER = com.demo.TableDataModel;
				PRODUCT_NAME = "$(TARGET_NAME)";
			};
			name = Release;
		};
/* End XCBuildConfiguration section */

/* Begin XCConfigurationList section */
		E196FAA926355293008A1D60 /* Build configuration list for PBXProject "TableDataModel" */ = {
			isa = XCConfigurationList;
			buildConfigurations = (
				E196FABD26355294008A1D60 /* Debug */,
				E196FABE26355294008A1D60 /* Release */,
			);
			defaultConfigurationIsVisible = 0;
			defaultConfigurationName = Release;
		};
		E196FABF26355294008A1D60 /* Build configuration list for PBXNativeTarget "TableDataModel" */ = {
			isa = XCConfigurationList;
			buildConfigurations = (
				E196FAC026355294008A1D60 /* Debug */,
				E196FAC126355294008A1D60 /* Release */,
			);
			defaultConfigurationIsVisible = 0;
			defaultConfigurationName = Release;
		};
/* End XCConfigurationList section */
	};
	rootObject = E196FAA626355293008A1D60 /* Project object */;
}
