// !$*UTF8*$!
{
	archiveVersion = 1;
	classes = {
	};
	objectVersion = 50;
	objects = {

/* Begin PBXBuildFile section */
		E1746C622636A37700D0496C /* AppDelegate.m in Sources */ = {isa = PBXBuildFile; fileRef = E1746C612636A37700D0496C /* AppDelegate.m */; };
		E1746C652636A37700D0496C /* Document.m in Sources */ = {isa = PBXBuildFile; fileRef = E1746C642636A37700D0496C /* Document.m */; };
		E1746C682636A37700D0496C /* Document.xib in Resources */ = {isa = PBXBuildFile; fileRef = E1746C662636A37700D0496C /* Document.xib */; };
		E1746C6A2636A37800D0496C /* Assets.xcassets in Resources */ = {isa = PBXBuildFile; fileRef = E1746C692636A37800D0496C /* Assets.xcassets */; };
		E1746C6D2636A37800D0496C /* MainMenu.xib in Resources */ = {isa = PBXBuildFile; fileRef = E1746C6B2636A37800D0496C /* MainMenu.xib */; };
		E1746C702636A37800D0496C /* main.m in Sources */ = {isa = PBXBuildFile; fileRef = E1746C6F2636A37800D0496C /* main.m */; };
		E1746C7C2636AAD700D0496C /* WindowController.m in Sources */ = {isa = PBXBuildFile; fileRef = E1746C7B2636AAD700D0496C /* WindowController.m */; };
/* End PBXBuildFile section */

/* Begin PBXFileReference section */
		E1746C5D2636A37700D0496C /* Simple Text Edit.app */ = {isa = PBXFileReference; explicitFileType = wrapper.application; includeInIndex = 0; path = "Simple Text Edit.app"; sourceTree = BUILT_PRODUCTS_DIR; };
		E1746C602636A37700D0496C /* AppDelegate.h */ = {isa = PBXFileReference; lastKnownFileType = sourcecode.c.h; path = AppDelegate.h; sourceTree = "<group>"; };
		E1746C612636A37700D0496C /* AppDelegate.m */ = {isa = PBXFileReference; lastKnownFileType = sourcecode.c.objc; path = AppDelegate.m; sourceTree = "<group>"; };
		E1746C632636A37700D0496C /* Document.h */ = {isa = PBXFileReference; lastKnownFileType = sourcecode.c.h; path = Document.h; sourceTree = "<group>"; };
		E1746C642636A37700D0496C /* Document.m */ = {isa = PBXFileReference; lastKnownFileType = sourcecode.c.objc; path = Document.m; sourceTree = "<group>"; };
		E1746C672636A37700D0496C /* Base */ = {isa = PBXFileReference; lastKnownFileType = file.xib; name = Base; path = Base.lproj/Document.xib; sourceTree = "<group>"; };
		E1746C692636A37800D0496C /* Assets.xcassets */ = {isa = PBXFileReference; lastKnownFileType = folder.assetcatalog; path = Assets.xcassets; sourceTree = "<group>"; };
		E1746C6C2636A37800D0496C /* Base */ = {isa = PBXFileReference; lastKnownFileType = file.xib; name = Base; path = Base.lproj/MainMenu.xib; sourceTree = "<group>"; };
		E1746C6E2636A37800D0496C /* Info.plist */ = {isa = PBXFileReference; lastKnownFileType = text.plist.xml; path = Info.plist; sourceTree = "<group>"; };
		E1746C6F2636A37800D0496C /* main.m */ = {isa = PBXFileReference; lastKnownFileType = sourcecode.c.objc; path = main.m; sourceTree = "<group>"; };
		E1746C712636A37800D0496C /* Simple_Text_Edit.entitlements */ = {isa = PBXFileReference; lastKnownFileType = text.plist.entitlements; path = Simple_Text_Edit.entitlements; sourceTree = "<group>"; };
		E1746C7A2636AAD700D0496C /* WindowController.h */ = {isa = PBXFileReference; lastKnownFileType = sourcecode.c.h; path = WindowController.h; sourceTree = "<group>"; };
		E1746C7B2636AAD700D0496C /* WindowController.m */ = {isa = PBXFileReference; lastKnownFileType = sourcecode.c.objc; path = WindowController.m; sourceTree = "<group>"; };
/* End PBXFileReference section */

/* Begin PBXFrameworksBuildPhase section */
		E1746C5A2636A37700D0496C /* Frameworks */ = {
			isa = PBXFrameworksBuildPhase;
			buildActionMask = 2147483647;
			files = (
			);
			runOnlyForDeploymentPostprocessing = 0;
		};
/* End PBXFrameworksBuildPhase section */

/* Begin PBXGroup section */
		E1746C542636A37700D0496C = {
			isa = PBXGroup;
			children = (
				E1746C5F2636A37700D0496C /* Simple Text Edit */,
				E1746C5E2636A37700D0496C /* Products */,
			);
			sourceTree = "<group>";
		};
		E1746C5E2636A37700D0496C /* Products */ = {
			isa = PBXGroup;
			children = (
				E1746C5D2636A37700D0496C /* Simple Text Edit.app */,
			);
			name = Products;
			sourceTree = "<group>";
		};
		E1746C5F2636A37700D0496C /* Simple Text Edit */ = {
			isa = PBXGroup;
			children = (
				E1746C602636A37700D0496C /* AppDelegate.h */,
				E1746C612636A37700D0496C /* AppDelegate.m */,
				E1746C632636A37700D0496C /* Document.h */,
				E1746C642636A37700D0496C /* Document.m */,
				E1746C662636A37700D0496C /* Document.xib */,
				E1746C692636A37800D0496C /* Assets.xcassets */,
				E1746C6B2636A37800D0496C /* MainMenu.xib */,
				E1746C6E2636A37800D0496C /* Info.plist */,
				E1746C6F2636A37800D0496C /* main.m */,
				E1746C712636A37800D0496C /* Simple_Text_Edit.entitlements */,
				E1746C7A2636AAD700D0496C /* WindowController.h */,
				E1746C7B2636AAD700D0496C /* WindowController.m */,
			);
			path = "Simple Text Edit";
			sourceTree = "<group>";
		};
/* End PBXGroup section */

/* Begin PBXNativeTarget section */
		E1746C5C2636A37700D0496C /* Simple Text Edit */ = {
			isa = PBXNativeTarget;
			buildConfigurationList = E1746C742636A37800D0496C /* Build configuration list for PBXNativeTarget "Simple Text Edit" */;
			buildPhases = (
				E1746C592636A37700D0496C /* Sources */,
				E1746C5A2636A37700D0496C /* Frameworks */,
				E1746C5B2636A37700D0496C /* Resources */,
			);
			buildRules = (
			);
			dependencies = (
			);
			name = "Simple Text Edit";
			productName = "Simple Text Edit";
			productReference = E1746C5D2636A37700D0496C /* Simple Text Edit.app */;
			productType = "com.apple.product-type.application";
		};
/* End PBXNativeTarget section */

/* Begin PBXProject section */
		E1746C552636A37700D0496C /* Project object */ = {
			isa = PBXProject;
			attributes = {
				LastUpgradeCheck = 1240;
				TargetAttributes = {
					E1746C5C2636A37700D0496C = {
						CreatedOnToolsVersion = 12.4;
					};
				};
			};
			buildConfigurationList = E1746C582636A37700D0496C /* Build configuration list for PBXProject "Simple Text Edit" */;
			compatibilityVersion = "Xcode 9.3";
			developmentRegion = en;
			hasScannedForEncodings = 0;
			knownRegions = (
				en,
				Base,
			);
			mainGroup = E1746C542636A37700D0496C;
			productRefGroup = E1746C5E2636A37700D0496C /* Products */;
			projectDirPath = "";
			projectRoot = "";
			targets = (
				E1746C5C2636A37700D0496C /* Simple Text Edit */,
			);
		};
/* End PBXProject section */

/* Begin PBXResourcesBuildPhase section */
		E1746C5B2636A37700D0496C /* Resources */ = {
			isa = PBXResourcesBuildPhase;
			buildActionMask = 2147483647;
			files = (
				E1746C6A2636A37800D0496C /* Assets.xcassets in Resources */,
				E1746C682636A37700D0496C /* Document.xib in Resources */,
				E1746C6D2636A37800D0496C /* MainMenu.xib in Resources */,
			);
			runOnlyForDeploymentPostprocessing = 0;
		};
/* End PBXResourcesBuildPhase section */

/* Begin PBXSourcesBuildPhase section */
		E1746C592636A37700D0496C /* Sources */ = {
			isa = PBXSourcesBuildPhase;
			buildActionMask = 2147483647;
			files = (
				E1746C652636A37700D0496C /* Document.m in Sources */,
				E1746C7C2636AAD700D0496C /* WindowController.m in Sources */,
				E1746C702636A37800D0496C /* main.m in Sources */,
				E1746C622636A37700D0496C /* AppDelegate.m in Sources */,
			);
			runOnlyForDeploymentPostprocessing = 0;
		};
/* End PBXSourcesBuildPhase section */

/* Begin PBXVariantGroup section */
		E1746C662636A37700D0496C /* Document.xib */ = {
			isa = PBXVariantGroup;
			children = (
				E1746C672636A37700D0496C /* Base */,
			);
			name = Document.xib;
			sourceTree = "<group>";
		};
		E1746C6B2636A37800D0496C /* MainMenu.xib */ = {
			isa = PBXVariantGroup;
			children = (
				E1746C6C2636A37800D0496C /* Base */,
			);
			name = MainMenu.xib;
			sourceTree = "<group>";
		};
/* End PBXVariantGroup section */

/* Begin XCBuildConfiguration section */
		E1746C722636A37800D0496C /* Debug */ = {
			isa = XCBuildConfiguration;
			buildSettings = {
				ALWAYS_SEARCH_USER_PATHS = NO;
				CLANG_ANALYZER_NONNULL = YES;
				CLANG_ANALYZER_NUMBER_OBJECT_CONVERSION = YES_AGGRESSIVE;
				CLANG_CXX_LANGUAGE_STANDARD = "gnu++14";
				CLANG_CXX_LIBRARY = "libc++";
				CLANG_ENABLE_MODULES = YES;
				CLANG_ENABLE_OBJC_ARC = YES;
				CLANG_ENABLE_OBJC_WEAK = YES;
				CLANG_WARN_BLOCK_CAPTURE_AUTORELEASING = YES;
				CLANG_WARN_BOOL_CONVERSION = YES;
				CLANG_WARN_COMMA = YES;
				CLANG_WARN_CONSTANT_CONVERSION = YES;
				CLANG_WARN_DEPRECATED_OBJC_IMPLEMENTATIONS = YES;
				CLANG_WARN_DIRECT_OBJC_ISA_USAGE = YES_ERROR;
				CLANG_WARN_DOCUMENTATION_COMMENTS = YES;
				CLANG_WARN_EMPTY_BODY = YES;
				CLANG_WARN_ENUM_CONVERSION = YES;
				CLANG_WARN_INFINITE_RECURSION = YES;
				CLANG_WARN_INT_CONVERSION = YES;
				CLANG_WARN_NON_LITERAL_NULL_CONVERSION = YES;
				CLANG_WARN_OBJC_IMPLICIT_RETAIN_SELF = YES;
				CLANG_WARN_OBJC_LITERAL_CONVERSION = YES;
				CLANG_WARN_OBJC_ROOT_CLASS = YES_ERROR;
				CLANG_WARN_QUOTED_INCLUDE_IN_FRAMEWORK_HEADER = YES;
				CLANG_WARN_RANGE_LOOP_ANALYSIS = YES;
				CLANG_WARN_STRICT_PROTOTYPES = YES;
				CLANG_WARN_SUSPICIOUS_MOVE = YES;
				CLANG_WARN_UNGUARDED_AVAILABILITY = YES_AGGRESSIVE;
				CLANG_WARN_UNREACHABLE_CODE = YES;
				CLANG_WARN__DUPLICATE_METHOD_MATCH = YES;
				COPY_PHASE_STRIP = NO;
				DEBUG_INFORMATION_FORMAT = dwarf;
				ENABLE_STRICT_OBJC_MSGSEND = YES;
				ENABLE_TESTABILITY = YES;
				GCC_C_LANGUAGE_STANDARD = gnu11;
				GCC_DYNAMIC_NO_PIC = NO;
				GCC_NO_COMMON_BLOCKS = YES;
				GCC_OPTIMIZATION_LEVEL = 0;
				GCC_PREPROCESSOR_DEFINITIONS = (
					"DEBUG=1",
					"$(inherited)",
				);
				GCC_WARN_64_TO_32_BIT_CONVERSION = YES;
				GCC_WARN_ABOUT_RETURN_TYPE = YES_ERROR;
				GCC_WARN_UNDECLARED_SELECTOR = YES;
				GCC_WARN_UNINITIALIZED_AUTOS = YES_AGGRESSIVE;
				GCC_WARN_UNUSED_FUNCTION = YES;
				GCC_WARN_UNUSED_VARIABLE = YES;
				MACOSX_DEPLOYMENT_TARGET = 10.15;
				MTL_ENABLE_DEBUG_INFO = INCLUDE_SOURCE;
				MTL_FAST_MATH = YES;
				ONLY_ACTIVE_ARCH = YES;
				SDKROOT = macosx;
			};
			name = Debug;
		};
		E1746C732636A37800D0496C /* Release */ = {
			isa = XCBuildConfiguration;
			buildSettings = {
				ALWAYS_SEARCH_USER_PATHS = NO;
				CLANG_ANALYZER_NONNULL = YES;
				CLANG_ANALYZER_NUMBER_OBJECT_CONVERSION = YES_AGGRESSIVE;
				CLANG_CXX_LANGUAGE_STANDARD = "gnu++14";
				CLANG_CXX_LIBRARY = "libc++";
				CLANG_ENABLE_MODULES = YES;
				CLANG_ENABLE_OBJC_ARC = YES;
				CLANG_ENABLE_OBJC_WEAK = YES;
				CLANG_WARN_BLOCK_CAPTURE_AUTORELEASING = YES;
				CLANG_WARN_BOOL_CONVERSION = YES;
				CLANG_WARN_COMMA = YES;
				CLANG_WARN_CONSTANT_CONVERSION = YES;
				CLANG_WARN_DEPRECATED_OBJC_IMPLEMENTATIONS = YES;
				CLANG_WARN_DIRECT_OBJC_ISA_USAGE = YES_ERROR;
				CLANG_WARN_DOCUMENTATION_COMMENTS = YES;
				CLANG_WARN_EMPTY_BODY = YES;
				CLANG_WARN_ENUM_CONVERSION = YES;
				CLANG_WARN_INFINITE_RECURSION = YES;
				CLANG_WARN_INT_CONVERSION = YES;
				CLANG_WARN_NON_LITERAL_NULL_CONVERSION = YES;
				CLANG_WARN_OBJC_IMPLICIT_RETAIN_SELF = YES;
				CLANG_WARN_OBJC_LITERAL_CONVERSION = YES;
				CLANG_WARN_OBJC_ROOT_CLASS = YES_ERROR;
				CLANG_WARN_QUOTED_INCLUDE_IN_FRAMEWORK_HEADER = YES;
				CLANG_WARN_RANGE_LOOP_ANALYSIS = YES;
				CLANG_WARN_STRICT_PROTOTYPES = YES;
				CLANG_WARN_SUSPICIOUS_MOVE = YES;
				CLANG_WARN_UNGUARDED_AVAILABILITY = YES_AGGRESSIVE;
				CLANG_WARN_UNREACHABLE_CODE = YES;
				CLANG_WARN__DUPLICATE_METHOD_MATCH = YES;
				COPY_PHASE_STRIP = NO;
				DEBUG_INFORMATION_FORMAT = "dwarf-with-dsym";
				ENABLE_NS_ASSERTIONS = NO;
				ENABLE_STRICT_OBJC_MSGSEND = YES;
				GCC_C_LANGUAGE_STANDARD = gnu11;
				GCC_NO_COMMON_BLOCKS = YES;
				GCC_WARN_64_TO_32_BIT_CONVERSION = YES;
				GCC_WARN_ABOUT_RETURN_TYPE = YES_ERROR;
				GCC_WARN_UNDECLARED_SELECTOR = YES;
				GCC_WARN_UNINITIALIZED_AUTOS = YES_AGGRESSIVE;
				GCC_WARN_UNUSED_FUNCTION = YES;
				GCC_WARN_UNUSED_VARIABLE = YES;
				MACOSX_DEPLOYMENT_TARGET = 10.15;
				MTL_ENABLE_DEBUG_INFO = NO;
				MTL_FAST_MATH = YES;
				SDKROOT = macosx;
			};
			name = Release;
		};
		E1746C752636A37800D0496C /* Debug */ = {
			isa = XCBuildConfiguration;
			buildSettings = {
				ASSETCATALOG_COMPILER_APPICON_NAME = AppIcon;
				ASSETCATALOG_COMPILER_GLOBAL_ACCENT_COLOR_NAME = AccentColor;
				CODE_SIGN_ENTITLEMENTS = "Simple Text Edit/Simple_Text_Edit.entitlements";
				CODE_SIGN_STYLE = Automatic;
				COMBINE_HIDPI_IMAGES = YES;
				INFOPLIST_FILE = "Simple Text Edit/Info.plist";
				LD_RUNPATH_SEARCH_PATHS = (
					"$(inherited)",
					"@executable_path/../Frameworks",
				);
				PRODUCT_BUNDLE_IDENTIFIER = "com.demo.Simple-Text-Edit";
				PRODUCT_NAME = "$(TARGET_NAME)";
			};
			name = Debug;
		};
		E1746C762636A37800D0496C /* Release */ = {
			isa = XCBuildConfiguration;
			buildSettings = {
				ASSETCATALOG_COMPILER_APPICON_NAME = AppIcon;
				ASSETCATALOG_COMPILER_GLOBAL_ACCENT_COLOR_NAME = AccentColor;
				CODE_SIGN_ENTITLEMENTS = "Simple Text Edit/Simple_Text_Edit.entitlements";
				CODE_SIGN_STYLE = Automatic;
				COMBINE_HIDPI_IMAGES = YES;
				INFOPLIST_FILE = "Simple Text Edit/Info.plist";
				LD_RUNPATH_SEARCH_PATHS = (
					"$(inherited)",
					"@executable_path/../Frameworks",
				);
				PRODUCT_BUNDLE_IDENTIFIER = "com.demo.Simple-Text-Edit";
				PRODUCT_NAME = "$(TARGET_NAME)";
			};
			name = Release;
		};
/* End XCBuildConfiguration section */

/* Begin XCConfigurationList section */
		E1746C582636A37700D0496C /* Build configuration list for PBXProject "Simple Text Edit" */ = {
			isa = XCConfigurationList;
			buildConfigurations = (
				E1746C722636A37800D0496C /* Debug */,
				E1746C732636A37800D0496C /* Release */,
			);
			defaultConfigurationIsVisible = 0;
			defaultConfigurationName = Release;
		};
		E1746C742636A37800D0496C /* Build configuration list for PBXNativeTarget "Simple Text Edit" */ = {
			isa = XCConfigurationList;
			buildConfigurations = (
				E1746C752636A37800D0496C /* Debug */,
				E1746C762636A37800D0496C /* Release */,
			);
			defaultConfigurationIsVisible = 0;
			defaultConfigurationName = Release;
		};
/* End XCConfigurationList section */
	};
	rootObject = E1746C552636A37700D0496C /* Project object */;
}
